
Microsoft Visual Studio Solution File, Format Version 12.00
# Visual Studio Version 16
VisualStudioVersion = 16.0.30804.86
MinimumVisualStudioVersion = 10.0.40219.1
Project("{FAE04EC0-301F-11D3-BF4B-00C04F79EFBC}") = "Duo Project met Joran", "Duo Project met Joran\Duo Project met Joran.csproj", "{46C4E321-A332-4F73-9FA9-74B972662DB1}"
EndProject
Global
	GlobalSection(SolutionConfigurationPlatforms) = preSolution
		Debug|Any CPU = Debug|Any CPU
		Release|Any CPU = Release|Any CPU
	EndGlobalSection
	GlobalSection(ProjectConfigurationPlatforms) = postSolution
		{46C4E321-A332-4F73-9FA9-74B972662DB1}.Debug|Any CPU.ActiveCfg = Debug|Any CPU
		{46C4E321-A332-4F73-9FA9-74B972662DB1}.Debug|Any CPU.Build.0 = Debug|Any CPU
		{46C4E321-A332-4F73-9FA9-74B972662DB1}.Release|Any CPU.ActiveCfg = Release|Any CPU
		{46C4E321-A332-4F73-9FA9-74B972662DB1}.Release|Any CPU.Build.0 = Release|Any CPU
	EndGlobalSection
	GlobalSection(SolutionProperties) = preSolution
		HideSolutionNode = FALSE
	EndGlobalSection
	GlobalSection(ExtensibilityGlobals) = postSolution
		SolutionGuid = {00F7441C-EBAE-4A47-A34C-7D11B4F553E1}
	EndGlobalSection
EndGlobal
