
Microsoft Visual Studio Solution File, Format Version 12.00
# Visual Studio Version 16
VisualStudioVersion = 16.0.31112.23
MinimumVisualStudioVersion = 10.0.40219.1
Project("{FAE04EC0-301F-11D3-BF4B-00C04F79EFBC}") = "project alina en joran", "project alina en joran\project alina en joran.csproj", "{815D492F-99EB-4AF4-BF7A-9584A1726260}"
EndProject
Global
	GlobalSection(SolutionConfigurationPlatforms) = preSolution
		Debug|Any CPU = Debug|Any CPU
		Release|Any CPU = Release|Any CPU
	EndGlobalSection
	GlobalSection(ProjectConfigurationPlatforms) = postSolution
		{815D492F-99EB-4AF4-BF7A-9584A1726260}.Debug|Any CPU.ActiveCfg = Debug|Any CPU
		{815D492F-99EB-4AF4-BF7A-9584A1726260}.Debug|Any CPU.Build.0 = Debug|Any CPU
		{815D492F-99EB-4AF4-BF7A-9584A1726260}.Release|Any CPU.ActiveCfg = Release|Any CPU
		{815D492F-99EB-4AF4-BF7A-9584A1726260}.Release|Any CPU.Build.0 = Release|Any CPU
	EndGlobalSection
	GlobalSection(SolutionProperties) = preSolution
		HideSolutionNode = FALSE
	EndGlobalSection
	GlobalSection(ExtensibilityGlobals) = postSolution
		SolutionGuid = {A5B570D4-520F-4B77-BD96-F82791EE3026}
	EndGlobalSection
EndGlobal
